
Microsoft Visual Studio Solution File, Format Version 12.00
# Visual Studio Version 16
VisualStudioVersion = 16.0.30907.101
MinimumVisualStudioVersion = 10.0.40219.1
Project("{FAE04EC0-301F-11D3-BF4B-00C04F79EFBC}") = "ConsoleApp6", "ConsoleApp6\ConsoleApp6.csproj", "{2331C86E-DBE7-4100-BA48-B0C018797E67}"
EndProject
Global
	GlobalSection(SolutionConfigurationPlatforms) = preSolution
		Debug|Any CPU = Debug|Any CPU
		Release|Any CPU = Release|Any CPU
	EndGlobalSection
	GlobalSection(ProjectConfigurationPlatforms) = postSolution
		{2331C86E-DBE7-4100-BA48-B0C018797E67}.Debug|Any CPU.ActiveCfg = Debug|Any CPU
		{2331C86E-DBE7-4100-BA48-B0C018797E67}.Debug|Any CPU.Build.0 = Debug|Any CPU
		{2331C86E-DBE7-4100-BA48-B0C018797E67}.Release|Any CPU.ActiveCfg = Release|Any CPU
		{2331C86E-DBE7-4100-BA48-B0C018797E67}.Release|Any CPU.Build.0 = Release|Any CPU
	EndGlobalSection
	GlobalSection(SolutionProperties) = preSolution
		HideSolutionNode = FALSE
	EndGlobalSection
	GlobalSection(ExtensibilityGlobals) = postSolution
		SolutionGuid = {F8F5FCFB-73E9-44EA-80C2-3ADA63285759}
	EndGlobalSection
EndGlobal
